// !$*UTF8*$!
{
	archiveVersion = 1;
	classes = {
	};
	objectVersion = 50;
	objects = {

/* Begin PBXBuildFile section */
		0244F3CE2265749D00BA924F /* CVAnimateStringModel.m in Sources */ = {isa = PBXBuildFile; fileRef = 0244F3CD2265749D00BA924F /* CVAnimateStringModel.m */; };
		0244F3CF2265751B00BA924F /* opencv2.framework in Frameworks */ = {isa = PBXBuildFile; fileRef = 0279F84A2253403800818F3F /* opencv2.framework */; };
		0244F3D2226578B300BA924F /* CVVideoModel.m in Sources */ = {isa = PBXBuildFile; fileRef = 0244F3D1226578B300BA924F /* CVVideoModel.m */; };
		0244F3D52266C24500BA924F /* BasicViewController.m in Sources */ = {isa = PBXBuildFile; fileRef = 0244F3D42266C24500BA924F /* BasicViewController.m */; };
		026FBA542264952A008A98BE /* BadApple.mp4 in Resources */ = {isa = PBXBuildFile; fileRef = 026FBA532264952A008A98BE /* BadApple.mp4 */; };
		0279F8362253402E00818F3F /* AppDelegate.m in Sources */ = {isa = PBXBuildFile; fileRef = 0279F8352253402E00818F3F /* AppDelegate.m */; };
		0279F8392253402E00818F3F /* Camera2CharViewController.mm in Sources */ = {isa = PBXBuildFile; fileRef = 0279F8382253402E00818F3F /* Camera2CharViewController.mm */; };
		0279F83E2253402F00818F3F /* Assets.xcassets in Resources */ = {isa = PBXBuildFile; fileRef = 0279F83D2253402F00818F3F /* Assets.xcassets */; };
		0279F8412253402F00818F3F /* LaunchScreen.storyboard in Resources */ = {isa = PBXBuildFile; fileRef = 0279F83F2253402F00818F3F /* LaunchScreen.storyboard */; };
		0279F8442253402F00818F3F /* main.m in Sources */ = {isa = PBXBuildFile; fileRef = 0279F8432253402F00818F3F /* main.m */; };
		0279F85422535E7900818F3F /* CoreVideo.framework in Frameworks */ = {isa = PBXBuildFile; fileRef = 0279F85322535E7900818F3F /* CoreVideo.framework */; };
		0279F85622535E8800818F3F /* CoreMedia.framework in Frameworks */ = {isa = PBXBuildFile; fileRef = 0279F85522535E8800818F3F /* CoreMedia.framework */; };
		0279F85822535E9000818F3F /* AssetsLibrary.framework in Frameworks */ = {isa = PBXBuildFile; fileRef = 0279F85722535E9000818F3F /* AssetsLibrary.framework */; };
		0279F85922535EB100818F3F /* AVFoundation.framework in Frameworks */ = {isa = PBXBuildFile; fileRef = 0279F85122535DC600818F3F /* AVFoundation.framework */; };
		0279F881225F1CE000818F3F /* Video2CharViewController.mm in Sources */ = {isa = PBXBuildFile; fileRef = 0279F87F225F1CE000818F3F /* Video2CharViewController.mm */; };
		0279F882225F1CE000818F3F /* Video2CharViewController.xib in Resources */ = {isa = PBXBuildFile; fileRef = 0279F880225F1CE000818F3F /* Video2CharViewController.xib */; };
		0279F885225F2E1700818F3F /* Camera2CharViewController.xib in Resources */ = {isa = PBXBuildFile; fileRef = 0279F884225F2E1700818F3F /* Camera2CharViewController.xib */; };
		0279F88C225F364300818F3F /* OpenCVHelper.mm in Sources */ = {isa = PBXBuildFile; fileRef = 0279F88B225F364300818F3F /* OpenCVHelper.mm */; };
		02C5AD022282835C00271E35 /* Pic2SketchFlowViewController.m in Sources */ = {isa = PBXBuildFile; fileRef = 02C5AD002282835C00271E35 /* Pic2SketchFlowViewController.m */; };
		02C5AD032282835C00271E35 /* Pic2SketchFlowViewController.xib in Resources */ = {isa = PBXBuildFile; fileRef = 02C5AD012282835C00271E35 /* Pic2SketchFlowViewController.xib */; };
		02C5AD0C22829D4F00271E35 /* Pic2SketchModel.mm in Sources */ = {isa = PBXBuildFile; fileRef = 02C5AD0B22829D4F00271E35 /* Pic2SketchModel.mm */; };
		02C5AD172282C72100271E35 /* cxk.jpg in Resources */ = {isa = PBXBuildFile; fileRef = 02C5AD162282C72100271E35 /* cxk.jpg */; };
		02C5AD1C2282C84400271E35 /* Camera2SketchViewController.mm in Sources */ = {isa = PBXBuildFile; fileRef = 02C5AD1A2282C84400271E35 /* Camera2SketchViewController.mm */; };
		02C5AD1D2282C84400271E35 /* Camera2SketchViewController.xib in Resources */ = {isa = PBXBuildFile; fileRef = 02C5AD1B2282C84400271E35 /* Camera2SketchViewController.xib */; };
		02C5AD382283FF4B00271E35 /* BaseRegister.m in Sources */ = {isa = PBXBuildFile; fileRef = 02C5AD372283FF4B00271E35 /* BaseRegister.m */; };
		02C5AD3B2283FF8F00271E35 /* BaseAction.m in Sources */ = {isa = PBXBuildFile; fileRef = 02C5AD3A2283FF8F00271E35 /* BaseAction.m */; };
		02E93A29228443F600E77A24 /* BaseSection.m in Sources */ = {isa = PBXBuildFile; fileRef = 02E93A28228443F600E77A24 /* BaseSection.m */; };
		02ECED5922818A05003C4947 /* Pic2SketchViewController.m in Sources */ = {isa = PBXBuildFile; fileRef = 02ECED5722818A05003C4947 /* Pic2SketchViewController.m */; };
		02F51E90226D536600C009CA /* StringFlowViewController.mm in Sources */ = {isa = PBXBuildFile; fileRef = 02F51E8E226D536600C009CA /* StringFlowViewController.mm */; };
		02F51E91226D536600C009CA /* StringFlowViewController.xib in Resources */ = {isa = PBXBuildFile; fileRef = 02F51E8F226D536600C009CA /* StringFlowViewController.xib */; };
		02F51E96226D57CB00C009CA /* Example.jpg in Resources */ = {isa = PBXBuildFile; fileRef = 02F51E95226D57CB00C009CA /* Example.jpg */; };
		02F51E9A226D590400C009CA /* StringFinalStepViewController.mm in Sources */ = {isa = PBXBuildFile; fileRef = 02F51E98226D590400C009CA /* StringFinalStepViewController.mm */; };
		02F51E9B226D590400C009CA /* StringFinalStepViewController.xib in Resources */ = {isa = PBXBuildFile; fileRef = 02F51E99226D590400C009CA /* StringFinalStepViewController.xib */; };
/* End PBXBuildFile section */

/* Begin PBXFileReference section */
		0244F3CC2265749D00BA924F /* CVAnimateStringModel.h */ = {isa = PBXFileReference; lastKnownFileType = sourcecode.c.h; path = CVAnimateStringModel.h; sourceTree = "<group>"; };
		0244F3CD2265749D00BA924F /* CVAnimateStringModel.m */ = {isa = PBXFileReference; lastKnownFileType = sourcecode.c.objc; path = CVAnimateStringModel.m; sourceTree = "<group>"; };
		0244F3D0226578B300BA924F /* CVVideoModel.h */ = {isa = PBXFileReference; lastKnownFileType = sourcecode.c.h; path = CVVideoModel.h; sourceTree = "<group>"; };
		0244F3D1226578B300BA924F /* CVVideoModel.m */ = {isa = PBXFileReference; lastKnownFileType = sourcecode.c.objc; path = CVVideoModel.m; sourceTree = "<group>"; };
		0244F3D32266C24500BA924F /* BasicViewController.h */ = {isa = PBXFileReference; lastKnownFileType = sourcecode.c.h; path = BasicViewController.h; sourceTree = "<group>"; };
		0244F3D42266C24500BA924F /* BasicViewController.m */ = {isa = PBXFileReference; lastKnownFileType = sourcecode.c.objc; path = BasicViewController.m; sourceTree = "<group>"; };
		026FBA532264952A008A98BE /* BadApple.mp4 */ = {isa = PBXFileReference; lastKnownFileType = file; path = BadApple.mp4; sourceTree = "<group>"; };
		0279F8312253402E00818F3F /* OpenCVDemo.app */ = {isa = PBXFileReference; explicitFileType = wrapper.application; includeInIndex = 0; path = OpenCVDemo.app; sourceTree = BUILT_PRODUCTS_DIR; };
		0279F8342253402E00818F3F /* AppDelegate.h */ = {isa = PBXFileReference; lastKnownFileType = sourcecode.c.h; path = AppDelegate.h; sourceTree = "<group>"; };
		0279F8352253402E00818F3F /* AppDelegate.m */ = {isa = PBXFileReference; lastKnownFileType = sourcecode.c.objc; path = AppDelegate.m; sourceTree = "<group>"; };
		0279F8372253402E00818F3F /* Camera2CharViewController.h */ = {isa = PBXFileReference; lastKnownFileType = sourcecode.c.h; path = Camera2CharViewController.h; sourceTree = "<group>"; };
		0279F8382253402E00818F3F /* Camera2CharViewController.mm */ = {isa = PBXFileReference; lastKnownFileType = sourcecode.cpp.objcpp; path = Camera2CharViewController.mm; sourceTree = "<group>"; };
		0279F83D2253402F00818F3F /* Assets.xcassets */ = {isa = PBXFileReference; lastKnownFileType = folder.assetcatalog; path = Assets.xcassets; sourceTree = "<group>"; };
		0279F8402253402F00818F3F /* Base */ = {isa = PBXFileReference; lastKnownFileType = file.storyboard; name = Base; path = Base.lproj/LaunchScreen.storyboard; sourceTree = "<group>"; };
		0279F8422253402F00818F3F /* Info.plist */ = {isa = PBXFileReference; lastKnownFileType = text.plist.xml; path = Info.plist; sourceTree = "<group>"; };
		0279F8432253402F00818F3F /* main.m */ = {isa = PBXFileReference; lastKnownFileType = sourcecode.c.objc; path = main.m; sourceTree = "<group>"; };
		0279F84A2253403800818F3F /* opencv2.framework */ = {isa = PBXFileReference; lastKnownFileType = wrapper.framework; path = opencv2.framework; sourceTree = "<group>"; };
		0279F85122535DC600818F3F /* AVFoundation.framework */ = {isa = PBXFileReference; lastKnownFileType = wrapper.framework; name = AVFoundation.framework; path = System/Library/Frameworks/AVFoundation.framework; sourceTree = SDKROOT; };
		0279F85322535E7900818F3F /* CoreVideo.framework */ = {isa = PBXFileReference; lastKnownFileType = wrapper.framework; name = CoreVideo.framework; path = System/Library/Frameworks/CoreVideo.framework; sourceTree = SDKROOT; };
		0279F85522535E8800818F3F /* CoreMedia.framework */ = {isa = PBXFileReference; lastKnownFileType = wrapper.framework; name = CoreMedia.framework; path = System/Library/Frameworks/CoreMedia.framework; sourceTree = SDKROOT; };
		0279F85722535E9000818F3F /* AssetsLibrary.framework */ = {isa = PBXFileReference; lastKnownFileType = wrapper.framework; name = AssetsLibrary.framework; path = System/Library/Frameworks/AssetsLibrary.framework; sourceTree = SDKROOT; };
		0279F87E225F1CE000818F3F /* Video2CharViewController.h */ = {isa = PBXFileReference; lastKnownFileType = sourcecode.c.h; path = Video2CharViewController.h; sourceTree = "<group>"; };
		0279F87F225F1CE000818F3F /* Video2CharViewController.mm */ = {isa = PBXFileReference; lastKnownFileType = sourcecode.cpp.objcpp; path = Video2CharViewController.mm; sourceTree = "<group>"; };
		0279F880225F1CE000818F3F /* Video2CharViewController.xib */ = {isa = PBXFileReference; lastKnownFileType = file.xib; path = Video2CharViewController.xib; sourceTree = "<group>"; };
		0279F884225F2E1700818F3F /* Camera2CharViewController.xib */ = {isa = PBXFileReference; lastKnownFileType = file.xib; path = Camera2CharViewController.xib; sourceTree = "<group>"; };
		0279F88A225F364300818F3F /* OpenCVHelper.h */ = {isa = PBXFileReference; lastKnownFileType = sourcecode.c.h; path = OpenCVHelper.h; sourceTree = "<group>"; };
		0279F88B225F364300818F3F /* OpenCVHelper.mm */ = {isa = PBXFileReference; lastKnownFileType = sourcecode.cpp.objcpp; path = OpenCVHelper.mm; sourceTree = "<group>"; };
		02C5ACFF2282835C00271E35 /* Pic2SketchFlowViewController.h */ = {isa = PBXFileReference; lastKnownFileType = sourcecode.c.h; path = Pic2SketchFlowViewController.h; sourceTree = "<group>"; };
		02C5AD002282835C00271E35 /* Pic2SketchFlowViewController.m */ = {isa = PBXFileReference; lastKnownFileType = sourcecode.c.objc; path = Pic2SketchFlowViewController.m; sourceTree = "<group>"; };
		02C5AD012282835C00271E35 /* Pic2SketchFlowViewController.xib */ = {isa = PBXFileReference; lastKnownFileType = file.xib; path = Pic2SketchFlowViewController.xib; sourceTree = "<group>"; };
		02C5AD0A22829D4F00271E35 /* Pic2SketchModel.h */ = {isa = PBXFileReference; lastKnownFileType = sourcecode.c.h; path = Pic2SketchModel.h; sourceTree = "<group>"; };
		02C5AD0B22829D4F00271E35 /* Pic2SketchModel.mm */ = {isa = PBXFileReference; lastKnownFileType = sourcecode.cpp.objcpp; path = Pic2SketchModel.mm; sourceTree = "<group>"; };
		02C5AD152282BCDE00271E35 /* Pic2SketchViewControllerProtocol.h */ = {isa = PBXFileReference; lastKnownFileType = sourcecode.c.h; path = Pic2SketchViewControllerProtocol.h; sourceTree = "<group>"; };
		02C5AD162282C72100271E35 /* cxk.jpg */ = {isa = PBXFileReference; lastKnownFileType = image.jpeg; path = cxk.jpg; sourceTree = "<group>"; };
		02C5AD192282C84400271E35 /* Camera2SketchViewController.h */ = {isa = PBXFileReference; lastKnownFileType = sourcecode.c.h; path = Camera2SketchViewController.h; sourceTree = "<group>"; };
		02C5AD1A2282C84400271E35 /* Camera2SketchViewController.mm */ = {isa = PBXFileReference; lastKnownFileType = sourcecode.cpp.objcpp; path = Camera2SketchViewController.mm; sourceTree = "<group>"; };
		02C5AD1B2282C84400271E35 /* Camera2SketchViewController.xib */ = {isa = PBXFileReference; lastKnownFileType = file.xib; path = Camera2SketchViewController.xib; sourceTree = "<group>"; };
		02C5AD362283FF4B00271E35 /* BaseRegister.h */ = {isa = PBXFileReference; lastKnownFileType = sourcecode.c.h; path = BaseRegister.h; sourceTree = "<group>"; };
		02C5AD372283FF4B00271E35 /* BaseRegister.m */ = {isa = PBXFileReference; lastKnownFileType = sourcecode.c.objc; path = BaseRegister.m; sourceTree = "<group>"; };
		02C5AD392283FF8F00271E35 /* BaseAction.h */ = {isa = PBXFileReference; lastKnownFileType = sourcecode.c.h; path = BaseAction.h; sourceTree = "<group>"; };
		02C5AD3A2283FF8F00271E35 /* BaseAction.m */ = {isa = PBXFileReference; lastKnownFileType = sourcecode.c.objc; path = BaseAction.m; sourceTree = "<group>"; };
		02C5AD3C2284026800271E35 /* BaseActionProtocol.h */ = {isa = PBXFileReference; lastKnownFileType = sourcecode.c.h; path = BaseActionProtocol.h; sourceTree = "<group>"; };
		02E93A27228443F600E77A24 /* BaseSection.h */ = {isa = PBXFileReference; lastKnownFileType = sourcecode.c.h; path = BaseSection.h; sourceTree = "<group>"; };
		02E93A28228443F600E77A24 /* BaseSection.m */ = {isa = PBXFileReference; lastKnownFileType = sourcecode.c.objc; path = BaseSection.m; sourceTree = "<group>"; };
		02ECED5622818A05003C4947 /* Pic2SketchViewController.h */ = {isa = PBXFileReference; lastKnownFileType = sourcecode.c.h; path = Pic2SketchViewController.h; sourceTree = "<group>"; };
		02ECED5722818A05003C4947 /* Pic2SketchViewController.m */ = {isa = PBXFileReference; lastKnownFileType = sourcecode.c.objc; path = Pic2SketchViewController.m; sourceTree = "<group>"; };
		02F51E8D226D536600C009CA /* StringFlowViewController.h */ = {isa = PBXFileReference; lastKnownFileType = sourcecode.c.h; path = StringFlowViewController.h; sourceTree = "<group>"; };
		02F51E8E226D536600C009CA /* StringFlowViewController.mm */ = {isa = PBXFileReference; lastKnownFileType = sourcecode.cpp.objcpp; path = StringFlowViewController.mm; sourceTree = "<group>"; };
		02F51E8F226D536600C009CA /* StringFlowViewController.xib */ = {isa = PBXFileReference; lastKnownFileType = file.xib; path = StringFlowViewController.xib; sourceTree = "<group>"; };
		02F51E95226D57CB00C009CA /* Example.jpg */ = {isa = PBXFileReference; lastKnownFileType = image.jpeg; path = Example.jpg; sourceTree = "<group>"; };
		02F51E97226D590400C009CA /* StringFinalStepViewController.h */ = {isa = PBXFileReference; lastKnownFileType = sourcecode.c.h; path = StringFinalStepViewController.h; sourceTree = "<group>"; };
		02F51E98226D590400C009CA /* StringFinalStepViewController.mm */ = {isa = PBXFileReference; lastKnownFileType = sourcecode.cpp.objcpp; path = StringFinalStepViewController.mm; sourceTree = "<group>"; };
		02F51E99226D590400C009CA /* StringFinalStepViewController.xib */ = {isa = PBXFileReference; lastKnownFileType = file.xib; path = StringFinalStepViewController.xib; sourceTree = "<group>"; };
/* End PBXFileReference section */

/* Begin PBXFrameworksBuildPhase section */
		0279F82E2253402E00818F3F /* Frameworks */ = {
			isa = PBXFrameworksBuildPhase;
			buildActionMask = 2147483647;
			files = (
				0244F3CF2265751B00BA924F /* opencv2.framework in Frameworks */,
				0279F85922535EB100818F3F /* AVFoundation.framework in Frameworks */,
				0279F85822535E9000818F3F /* AssetsLibrary.framework in Frameworks */,
				0279F85622535E8800818F3F /* CoreMedia.framework in Frameworks */,
				0279F85422535E7900818F3F /* CoreVideo.framework in Frameworks */,
			);
			runOnlyForDeploymentPostprocessing = 0;
		};
/* End PBXFrameworksBuildPhase section */

/* Begin PBXGroup section */
		0244F3CB2265746E00BA924F /* OpenCV */ = {
			isa = PBXGroup;
			children = (
				0279F88A225F364300818F3F /* OpenCVHelper.h */,
				0279F88B225F364300818F3F /* OpenCVHelper.mm */,
				0279F84A2253403800818F3F /* opencv2.framework */,
				0244F3CC2265749D00BA924F /* CVAnimateStringModel.h */,
				0244F3CD2265749D00BA924F /* CVAnimateStringModel.m */,
				0244F3D0226578B300BA924F /* CVVideoModel.h */,
				0244F3D1226578B300BA924F /* CVVideoModel.m */,
			);
			path = OpenCV;
			sourceTree = "<group>";
		};
		0279F8282253402E00818F3F = {
			isa = PBXGroup;
			children = (
				0279F8332253402E00818F3F /* OpenCVDemo */,
				0279F8322253402E00818F3F /* Products */,
				0279F85022535DC600818F3F /* Frameworks */,
			);
			sourceTree = "<group>";
		};
		0279F8322253402E00818F3F /* Products */ = {
			isa = PBXGroup;
			children = (
				0279F8312253402E00818F3F /* OpenCVDemo.app */,
			);
			name = Products;
			sourceTree = "<group>";
		};
		0279F8332253402E00818F3F /* OpenCVDemo */ = {
			isa = PBXGroup;
			children = (
				02C5AD352283FEF200271E35 /* BaseRegister */,
				02ECED5522818926003C4947 /* Pic2SketchFlow */,
				02C5AD182282C7B000271E35 /* Camera2Sketch */,
				02ECED54228188D7003C4947 /* Camera2Char */,
				02ECED53228188B5003C4947 /* Video2Char */,
				02F51E92226D539A00C009CA /* Pic2CharFlow */,
				0244F3CB2265746E00BA924F /* OpenCV */,
				026FBA532264952A008A98BE /* BadApple.mp4 */,
				0279F8342253402E00818F3F /* AppDelegate.h */,
				0279F8352253402E00818F3F /* AppDelegate.m */,
				0244F3D32266C24500BA924F /* BasicViewController.h */,
				0244F3D42266C24500BA924F /* BasicViewController.m */,
				0279F83D2253402F00818F3F /* Assets.xcassets */,
				0279F83F2253402F00818F3F /* LaunchScreen.storyboard */,
				0279F8432253402F00818F3F /* main.m */,
				0279F8422253402F00818F3F /* Info.plist */,
			);
			path = OpenCVDemo;
			sourceTree = "<group>";
		};
		0279F85022535DC600818F3F /* Frameworks */ = {
			isa = PBXGroup;
			children = (
				0279F85722535E9000818F3F /* AssetsLibrary.framework */,
				0279F85522535E8800818F3F /* CoreMedia.framework */,
				0279F85322535E7900818F3F /* CoreVideo.framework */,
				0279F85122535DC600818F3F /* AVFoundation.framework */,
			);
			name = Frameworks;
			sourceTree = "<group>";
		};
		02C5AD0922829D3300271E35 /* Model */ = {
			isa = PBXGroup;
			children = (
				02C5AD0A22829D4F00271E35 /* Pic2SketchModel.h */,
				02C5AD0B22829D4F00271E35 /* Pic2SketchModel.mm */,
			);
			path = Model;
			sourceTree = "<group>";
		};
		02C5AD182282C7B000271E35 /* Camera2Sketch */ = {
			isa = PBXGroup;
			children = (
				02C5AD192282C84400271E35 /* Camera2SketchViewController.h */,
				02C5AD1A2282C84400271E35 /* Camera2SketchViewController.mm */,
				02C5AD1B2282C84400271E35 /* Camera2SketchViewController.xib */,
			);
			path = Camera2Sketch;
			sourceTree = "<group>";
		};
		02C5AD352283FEF200271E35 /* BaseRegister */ = {
			isa = PBXGroup;
			children = (
				02C5AD362283FF4B00271E35 /* BaseRegister.h */,
				02C5AD372283FF4B00271E35 /* BaseRegister.m */,
				02E93A27228443F600E77A24 /* BaseSection.h */,
				02E93A28228443F600E77A24 /* BaseSection.m */,
				02C5AD392283FF8F00271E35 /* BaseAction.h */,
				02C5AD3A2283FF8F00271E35 /* BaseAction.m */,
				02C5AD3C2284026800271E35 /* BaseActionProtocol.h */,
			);
			path = BaseRegister;
			sourceTree = "<group>";
		};
		02ECED53228188B5003C4947 /* Video2Char */ = {
			isa = PBXGroup;
			children = (
				0279F87E225F1CE000818F3F /* Video2CharViewController.h */,
				0279F87F225F1CE000818F3F /* Video2CharViewController.mm */,
				0279F880225F1CE000818F3F /* Video2CharViewController.xib */,
			);
			path = Video2Char;
			sourceTree = "<group>";
		};
		02ECED54228188D7003C4947 /* Camera2Char */ = {
			isa = PBXGroup;
			children = (
				0279F8372253402E00818F3F /* Camera2CharViewController.h */,
				0279F8382253402E00818F3F /* Camera2CharViewController.mm */,
				0279F884225F2E1700818F3F /* Camera2CharViewController.xib */,
			);
			path = Camera2Char;
			sourceTree = "<group>";
		};
		02ECED5522818926003C4947 /* Pic2SketchFlow */ = {
			isa = PBXGroup;
			children = (
				02C5AD162282C72100271E35 /* cxk.jpg */,
				02C5AD0922829D3300271E35 /* Model */,
				02ECED5622818A05003C4947 /* Pic2SketchViewController.h */,
				02ECED5722818A05003C4947 /* Pic2SketchViewController.m */,
				02C5AD152282BCDE00271E35 /* Pic2SketchViewControllerProtocol.h */,
				02C5ACFF2282835C00271E35 /* Pic2SketchFlowViewController.h */,
				02C5AD002282835C00271E35 /* Pic2SketchFlowViewController.m */,
				02C5AD012282835C00271E35 /* Pic2SketchFlowViewController.xib */,
			);
			path = Pic2SketchFlow;
			sourceTree = "<group>";
		};
		02F51E92226D539A00C009CA /* Pic2CharFlow */ = {
			isa = PBXGroup;
			children = (
				02F51E95226D57CB00C009CA /* Example.jpg */,
				02F51E8D226D536600C009CA /* StringFlowViewController.h */,
				02F51E8E226D536600C009CA /* StringFlowViewController.mm */,
				02F51E8F226D536600C009CA /* StringFlowViewController.xib */,
				02F51E97226D590400C009CA /* StringFinalStepViewController.h */,
				02F51E98226D590400C009CA /* StringFinalStepViewController.mm */,
				02F51E99226D590400C009CA /* StringFinalStepViewController.xib */,
			);
			path = Pic2CharFlow;
			sourceTree = "<group>";
		};
/* End PBXGroup section */

/* Begin PBXNativeTarget section */
		0279F8302253402E00818F3F /* OpenCVDemo */ = {
			isa = PBXNativeTarget;
			buildConfigurationList = 0279F8472253402F00818F3F /* Build configuration list for PBXNativeTarget "OpenCVDemo" */;
			buildPhases = (
				0279F82D2253402E00818F3F /* Sources */,
				0279F82E2253402E00818F3F /* Frameworks */,
				0279F82F2253402E00818F3F /* Resources */,
			);
			buildRules = (
			);
			dependencies = (
			);
			name = OpenCVDemo;
			productName = OpenCVDemo;
			productReference = 0279F8312253402E00818F3F /* OpenCVDemo.app */;
			productType = "com.apple.product-type.application";
		};
/* End PBXNativeTarget section */

/* Begin PBXProject section */
		0279F8292253402E00818F3F /* Project object */ = {
			isa = PBXProject;
			attributes = {
				LastUpgradeCheck = 1010;
				ORGANIZATIONNAME = chouheiwa;
				TargetAttributes = {
					0279F8302253402E00818F3F = {
						CreatedOnToolsVersion = 10.1;
					};
				};
			};
			buildConfigurationList = 0279F82C2253402E00818F3F /* Build configuration list for PBXProject "OpenCVDemo" */;
			compatibilityVersion = "Xcode 9.3";
			developmentRegion = en;
			hasScannedForEncodings = 0;
			knownRegions = (
				en,
				Base,
			);
			mainGroup = 0279F8282253402E00818F3F;
			productRefGroup = 0279F8322253402E00818F3F /* Products */;
			projectDirPath = "";
			projectRoot = "";
			targets = (
				0279F8302253402E00818F3F /* OpenCVDemo */,
			);
		};
/* End PBXProject section */

/* Begin PBXResourcesBuildPhase section */
		0279F82F2253402E00818F3F /* Resources */ = {
			isa = PBXResourcesBuildPhase;
			buildActionMask = 2147483647;
			files = (
				02C5AD172282C72100271E35 /* cxk.jpg in Resources */,
				02C5AD032282835C00271E35 /* Pic2SketchFlowViewController.xib in Resources */,
				0279F885225F2E1700818F3F /* Camera2CharViewController.xib in Resources */,
				026FBA542264952A008A98BE /* BadApple.mp4 in Resources */,
				02C5AD1D2282C84400271E35 /* Camera2SketchViewController.xib in Resources */,
				0279F8412253402F00818F3F /* LaunchScreen.storyboard in Resources */,
				0279F83E2253402F00818F3F /* Assets.xcassets in Resources */,
				02F51E91226D536600C009CA /* StringFlowViewController.xib in Resources */,
				0279F882225F1CE000818F3F /* Video2CharViewController.xib in Resources */,
				02F51E9B226D590400C009CA /* StringFinalStepViewController.xib in Resources */,
				02F51E96226D57CB00C009CA /* Example.jpg in Resources */,
			);
			runOnlyForDeploymentPostprocessing = 0;
		};
/* End PBXResourcesBuildPhase section */

/* Begin PBXSourcesBuildPhase section */
		0279F82D2253402E00818F3F /* Sources */ = {
			isa = PBXSourcesBuildPhase;
			buildActionMask = 2147483647;
			files = (
				02C5AD3B2283FF8F00271E35 /* BaseAction.m in Sources */,
				02E93A29228443F600E77A24 /* BaseSection.m in Sources */,
				0279F8392253402E00818F3F /* Camera2CharViewController.mm in Sources */,
				0244F3D52266C24500BA924F /* BasicViewController.m in Sources */,
				02C5AD382283FF4B00271E35 /* BaseRegister.m in Sources */,
				02F51E9A226D590400C009CA /* StringFinalStepViewController.mm in Sources */,
				02ECED5922818A05003C4947 /* Pic2SketchViewController.m in Sources */,
				0279F88C225F364300818F3F /* OpenCVHelper.mm in Sources */,
				0244F3CE2265749D00BA924F /* CVAnimateStringModel.m in Sources */,
				02C5AD1C2282C84400271E35 /* Camera2SketchViewController.mm in Sources */,
				0279F8442253402F00818F3F /* main.m in Sources */,
				0244F3D2226578B300BA924F /* CVVideoModel.m in Sources */,
				02C5AD0C22829D4F00271E35 /* Pic2SketchModel.mm in Sources */,
				02C5AD022282835C00271E35 /* Pic2SketchFlowViewController.m in Sources */,
				02F51E90226D536600C009CA /* StringFlowViewController.mm in Sources */,
				0279F881225F1CE000818F3F /* Video2CharViewController.mm in Sources */,
				0279F8362253402E00818F3F /* AppDelegate.m in Sources */,
			);
			runOnlyForDeploymentPostprocessing = 0;
		};
/* End PBXSourcesBuildPhase section */

/* Begin PBXVariantGroup section */
		0279F83F2253402F00818F3F /* LaunchScreen.storyboard */ = {
			isa = PBXVariantGroup;
			children = (
				0279F8402253402F00818F3F /* Base */,
			);
			name = LaunchScreen.storyboard;
			sourceTree = "<group>";
		};
/* End PBXVariantGroup section */

/* Begin XCBuildConfiguration section */
		0279F8452253402F00818F3F /* Debug */ = {
			isa = XCBuildConfiguration;
			buildSettings = {
				ALWAYS_SEARCH_USER_PATHS = NO;
				CLANG_ANALYZER_NONNULL = YES;
				CLANG_ANALYZER_NUMBER_OBJECT_CONVERSION = YES_AGGRESSIVE;
				CLANG_CXX_LANGUAGE_STANDARD = "gnu++14";
				CLANG_CXX_LIBRARY = "libc++";
				CLANG_ENABLE_MODULES = YES;
				CLANG_ENABLE_OBJC_ARC = YES;
				CLANG_ENABLE_OBJC_WEAK = YES;
				CLANG_WARN_BLOCK_CAPTURE_AUTORELEASING = YES;
				CLANG_WARN_BOOL_CONVERSION = YES;
				CLANG_WARN_COMMA = YES;
				CLANG_WARN_CONSTANT_CONVERSION = YES;
				CLANG_WARN_DEPRECATED_OBJC_IMPLEMENTATIONS = YES;
				CLANG_WARN_DIRECT_OBJC_ISA_USAGE = YES_ERROR;
				CLANG_WARN_DOCUMENTATION_COMMENTS = YES;
				CLANG_WARN_EMPTY_BODY = YES;
				CLANG_WARN_ENUM_CONVERSION = YES;
				CLANG_WARN_INFINITE_RECURSION = YES;
				CLANG_WARN_INT_CONVERSION = YES;
				CLANG_WARN_NON_LITERAL_NULL_CONVERSION = YES;
				CLANG_WARN_OBJC_IMPLICIT_RETAIN_SELF = YES;
				CLANG_WARN_OBJC_LITERAL_CONVERSION = YES;
				CLANG_WARN_OBJC_ROOT_CLASS = YES_ERROR;
				CLANG_WARN_RANGE_LOOP_ANALYSIS = YES;
				CLANG_WARN_STRICT_PROTOTYPES = YES;
				CLANG_WARN_SUSPICIOUS_MOVE = YES;
				CLANG_WARN_UNGUARDED_AVAILABILITY = YES_AGGRESSIVE;
				CLANG_WARN_UNREACHABLE_CODE = YES;
				CLANG_WARN__DUPLICATE_METHOD_MATCH = YES;
				CODE_SIGN_IDENTITY = "iPhone Developer";
				COPY_PHASE_STRIP = NO;
				DEBUG_INFORMATION_FORMAT = dwarf;
				ENABLE_STRICT_OBJC_MSGSEND = YES;
				ENABLE_TESTABILITY = YES;
				GCC_C_LANGUAGE_STANDARD = gnu11;
				GCC_DYNAMIC_NO_PIC = NO;
				GCC_NO_COMMON_BLOCKS = YES;
				GCC_OPTIMIZATION_LEVEL = 0;
				GCC_PREPROCESSOR_DEFINITIONS = (
					"DEBUG=1",
					"$(inherited)",
				);
				GCC_WARN_64_TO_32_BIT_CONVERSION = YES;
				GCC_WARN_ABOUT_RETURN_TYPE = YES_ERROR;
				GCC_WARN_UNDECLARED_SELECTOR = YES;
				GCC_WARN_UNINITIALIZED_AUTOS = YES_AGGRESSIVE;
				GCC_WARN_UNUSED_FUNCTION = YES;
				GCC_WARN_UNUSED_VARIABLE = YES;
				IPHONEOS_DEPLOYMENT_TARGET = 12.1;
				MTL_ENABLE_DEBUG_INFO = INCLUDE_SOURCE;
				MTL_FAST_MATH = YES;
				ONLY_ACTIVE_ARCH = YES;
				SDKROOT = iphoneos;
			};
			name = Debug;
		};
		0279F8462253402F00818F3F /* Release */ = {
			isa = XCBuildConfiguration;
			buildSettings = {
				ALWAYS_SEARCH_USER_PATHS = NO;
				CLANG_ANALYZER_NONNULL = YES;
				CLANG_ANALYZER_NUMBER_OBJECT_CONVERSION = YES_AGGRESSIVE;
				CLANG_CXX_LANGUAGE_STANDARD = "gnu++14";
				CLANG_CXX_LIBRARY = "libc++";
				CLANG_ENABLE_MODULES = YES;
				CLANG_ENABLE_OBJC_ARC = YES;
				CLANG_ENABLE_OBJC_WEAK = YES;
				CLANG_WARN_BLOCK_CAPTURE_AUTORELEASING = YES;
				CLANG_WARN_BOOL_CONVERSION = YES;
				CLANG_WARN_COMMA = YES;
				CLANG_WARN_CONSTANT_CONVERSION = YES;
				CLANG_WARN_DEPRECATED_OBJC_IMPLEMENTATIONS = YES;
				CLANG_WARN_DIRECT_OBJC_ISA_USAGE = YES_ERROR;
				CLANG_WARN_DOCUMENTATION_COMMENTS = YES;
				CLANG_WARN_EMPTY_BODY = YES;
				CLANG_WARN_ENUM_CONVERSION = YES;
				CLANG_WARN_INFINITE_RECURSION = YES;
				CLANG_WARN_INT_CONVERSION = YES;
				CLANG_WARN_NON_LITERAL_NULL_CONVERSION = YES;
				CLANG_WARN_OBJC_IMPLICIT_RETAIN_SELF = YES;
				CLANG_WARN_OBJC_LITERAL_CONVERSION = YES;
				CLANG_WARN_OBJC_ROOT_CLASS = YES_ERROR;
				CLANG_WARN_RANGE_LOOP_ANALYSIS = YES;
				CLANG_WARN_STRICT_PROTOTYPES = YES;
				CLANG_WARN_SUSPICIOUS_MOVE = YES;
				CLANG_WARN_UNGUARDED_AVAILABILITY = YES_AGGRESSIVE;
				CLANG_WARN_UNREACHABLE_CODE = YES;
				CLANG_WARN__DUPLICATE_METHOD_MATCH = YES;
				CODE_SIGN_IDENTITY = "iPhone Developer";
				COPY_PHASE_STRIP = NO;
				DEBUG_INFORMATION_FORMAT = "dwarf-with-dsym";
				ENABLE_NS_ASSERTIONS = NO;
				ENABLE_STRICT_OBJC_MSGSEND = YES;
				GCC_C_LANGUAGE_STANDARD = gnu11;
				GCC_NO_COMMON_BLOCKS = YES;
				GCC_WARN_64_TO_32_BIT_CONVERSION = YES;
				GCC_WARN_ABOUT_RETURN_TYPE = YES_ERROR;
				GCC_WARN_UNDECLARED_SELECTOR = YES;
				GCC_WARN_UNINITIALIZED_AUTOS = YES_AGGRESSIVE;
				GCC_WARN_UNUSED_FUNCTION = YES;
				GCC_WARN_UNUSED_VARIABLE = YES;
				IPHONEOS_DEPLOYMENT_TARGET = 12.1;
				MTL_ENABLE_DEBUG_INFO = NO;
				MTL_FAST_MATH = YES;
				SDKROOT = iphoneos;
				VALIDATE_PRODUCT = YES;
			};
			name = Release;
		};
		0279F8482253402F00818F3F /* Debug */ = {
			isa = XCBuildConfiguration;
			buildSettings = {
				ASSETCATALOG_COMPILER_APPICON_NAME = AppIcon;
				CODE_SIGN_STYLE = Automatic;
				DEVELOPMENT_TEAM = 2UNAYZPR4S;
				FRAMEWORK_SEARCH_PATHS = (
					"$(inherited)",
					"$(PROJECT_DIR)/OpenCVDemo",
					"$(PROJECT_DIR)/OpenCVDemo/OpenCV",
				);
				INFOPLIST_FILE = OpenCVDemo/Info.plist;
				IPHONEOS_DEPLOYMENT_TARGET = 9.0;
				LD_RUNPATH_SEARCH_PATHS = (
					"$(inherited)",
					"@executable_path/Frameworks",
				);
				PRODUCT_BUNDLE_IDENTIFIER = com.github.chouheiwa.OpenCVDemo;
				PRODUCT_NAME = "$(TARGET_NAME)";
				TARGETED_DEVICE_FAMILY = "1,2";
			};
			name = Debug;
		};
		0279F8492253402F00818F3F /* Release */ = {
			isa = XCBuildConfiguration;
			buildSettings = {
				ASSETCATALOG_COMPILER_APPICON_NAME = AppIcon;
				CODE_SIGN_STYLE = Automatic;
				DEVELOPMENT_TEAM = 2UNAYZPR4S;
				FRAMEWORK_SEARCH_PATHS = (
					"$(inherited)",
					"$(PROJECT_DIR)/OpenCVDemo",
					"$(PROJECT_DIR)/OpenCVDemo/OpenCV",
				);
				INFOPLIST_FILE = OpenCVDemo/Info.plist;
				IPHONEOS_DEPLOYMENT_TARGET = 9.0;
				LD_RUNPATH_SEARCH_PATHS = (
					"$(inherited)",
					"@executable_path/Frameworks",
				);
				PRODUCT_BUNDLE_IDENTIFIER = com.github.chouheiwa.OpenCVDemo;
				PRODUCT_NAME = "$(TARGET_NAME)";
				TARGETED_DEVICE_FAMILY = "1,2";
			};
			name = Release;
		};
/* End XCBuildConfiguration section */

/* Begin XCConfigurationList section */
		0279F82C2253402E00818F3F /* Build configuration list for PBXProject "OpenCVDemo" */ = {
			isa = XCConfigurationList;
			buildConfigurations = (
				0279F8452253402F00818F3F /* Debug */,
				0279F8462253402F00818F3F /* Release */,
			);
			defaultConfigurationIsVisible = 0;
			defaultConfigurationName = Release;
		};
		0279F8472253402F00818F3F /* Build configuration list for PBXNativeTarget "OpenCVDemo" */ = {
			isa = XCConfigurationList;
			buildConfigurations = (
				0279F8482253402F00818F3F /* Debug */,
				0279F8492253402F00818F3F /* Release */,
			);
			defaultConfigurationIsVisible = 0;
			defaultConfigurationName = Release;
		};
/* End XCConfigurationList section */
	};
	rootObject = 0279F8292253402E00818F3F /* Project object */;
}
